Microsoft Visual Studio Solution File, Format Version 12.00
# Visual Studio 2012
Project("{FAE04EC0-301F-11D3-BF4B-00C04F79EFBC}") = "YtTut01", "YtTut01.csproj", "{7D89C6D6-2677-4791-9413-A0D546BC77E6}"
EndProject
Global
	GlobalSection(SolutionConfigurationPlatforms) = preSolution
	Debug|Any CPU = Debug|Any CPU
	ExportDebug|Any CPU = ExportDebug|Any CPU
	ExportRelease|Any CPU = ExportRelease|Any CPU
	EndGlobalSection
	GlobalSection(ProjectConfigurationPlatforms) = postSolution
		{7D89C6D6-2677-4791-9413-A0D546BC77E6}.Debug|Any CPU.ActiveCfg = Debug|Any CPU
		{7D89C6D6-2677-4791-9413-A0D546BC77E6}.Debug|Any CPU.Build.0 = Debug|Any CPU
		{7D89C6D6-2677-4791-9413-A0D546BC77E6}.ExportDebug|Any CPU.ActiveCfg = ExportDebug|Any CPU
		{7D89C6D6-2677-4791-9413-A0D546BC77E6}.ExportDebug|Any CPU.Build.0 = ExportDebug|Any CPU
		{7D89C6D6-2677-4791-9413-A0D546BC77E6}.ExportRelease|Any CPU.ActiveCfg = ExportRelease|Any CPU
		{7D89C6D6-2677-4791-9413-A0D546BC77E6}.ExportRelease|Any CPU.Build.0 = ExportRelease|Any CPU
	EndGlobalSection
EndGlobal
